
Microsoft Visual Studio Solution File, Format Version 12.00
# Visual Studio Version 17
VisualStudioVersion = 17.11.35208.52
MinimumVisualStudioVersion = 10.0.40219.1
Project("{FAE04EC0-301F-11D3-BF4B-00C04F79EFBC}") = "IntellAccount", "IntellAccount\IntellAccount.csproj", "{7DC5DA62-08B4-418A-B551-185152CABFD1}"
EndProject
Global
	GlobalSection(SolutionConfigurationPlatforms) = preSolution
		Debug|Any CPU = Debug|Any CPU
		Release|Any CPU = Release|Any CPU
	EndGlobalSection
	GlobalSection(ProjectConfigurationPlatforms) = postSolution
		{7DC5DA62-08B4-418A-B551-185152CABFD1}.Debug|Any CPU.ActiveCfg = Debug|Any CPU
		{7DC5DA62-08B4-418A-B551-185152CABFD1}.Debug|Any CPU.Build.0 = Debug|Any CPU
		{7DC5DA62-08B4-418A-B551-185152CABFD1}.Release|Any CPU.ActiveCfg = Release|Any CPU
		{7DC5DA62-08B4-418A-B551-185152CABFD1}.Release|Any CPU.Build.0 = Release|Any CPU
	EndGlobalSection
	GlobalSection(SolutionProperties) = preSolution
		HideSolutionNode = FALSE
	EndGlobalSection
	GlobalSection(ExtensibilityGlobals) = postSolution
		SolutionGuid = {805D56B4-6D62-4846-8B8D-A0C10C91DD5B}
	EndGlobalSection
EndGlobal
